
Microsoft Visual Studio Solution File, Format Version 12.00
# Visual Studio Version 16
VisualStudioVersion = 16.0.31702.278
MinimumVisualStudioVersion = 10.0.40219.1
Project("{FAE04EC0-301F-11D3-BF4B-00C04F79EFBC}") = "Endy", "Endy.csproj", "{23640F3A-F884-4CD2-B294-34EE6C3FDEAD}"
EndProject
Global
	GlobalSection(SolutionConfigurationPlatforms) = preSolution
		Debug|Any CPU = Debug|Any CPU
		Release|Any CPU = Release|Any CPU
	EndGlobalSection
	GlobalSection(ProjectConfigurationPlatforms) = postSolution
		{23640F3A-F884-4CD2-B294-34EE6C3FDEAD}.Debug|Any CPU.ActiveCfg = Debug|Any CPU
		{23640F3A-F884-4CD2-B294-34EE6C3FDEAD}.Debug|Any CPU.Build.0 = Debug|Any CPU
		{23640F3A-F884-4CD2-B294-34EE6C3FDEAD}.Release|Any CPU.ActiveCfg = Release|Any CPU
		{23640F3A-F884-4CD2-B294-34EE6C3FDEAD}.Release|Any CPU.Build.0 = Release|Any CPU
	EndGlobalSection
	GlobalSection(SolutionProperties) = preSolution
		HideSolutionNode = FALSE
	EndGlobalSection
	GlobalSection(ExtensibilityGlobals) = postSolution
		SolutionGuid = {8C2B8583-CDAC-4A53-BD23-F26A73687E92}
	EndGlobalSection
EndGlobal
